// !$*UTF8*$!
{
	archiveVersion = 1;
	classes = {
	};
	objectVersion = 56;
	objects = {

/* Begin PBXBuildFile section */
		B81754882A7161640091028B /* APIManager.swift in Sources */ = {isa = PBXBuildFile; fileRef = B81754872A7161640091028B /* APIManager.swift */; };
		B817548A2A7172DF0091028B /* TotalUser.swift in Sources */ = {isa = PBXBuildFile; fileRef = B81754892A7172DF0091028B /* TotalUser.swift */; };
		B85CD2D62A6FB72A00FDA9D0 /* AppDelegate.swift in Sources */ = {isa = PBXBuildFile; fileRef = B85CD2D52A6FB72A00FDA9D0 /* AppDelegate.swift */; };
		B85CD2D82A6FB72A00FDA9D0 /* SceneDelegate.swift in Sources */ = {isa = PBXBuildFile; fileRef = B85CD2D72A6FB72A00FDA9D0 /* SceneDelegate.swift */; };
		B85CD2DA2A6FB72A00FDA9D0 /* ViewController.swift in Sources */ = {isa = PBXBuildFile; fileRef = B85CD2D92A6FB72A00FDA9D0 /* ViewController.swift */; };
		B85CD2DD2A6FB72A00FDA9D0 /* Main.storyboard in Resources */ = {isa = PBXBuildFile; fileRef = B85CD2DB2A6FB72A00FDA9D0 /* Main.storyboard */; };
		B85CD2E02A6FB72A00FDA9D0 /* GCD_Homework.xcdatamodeld in Sources */ = {isa = PBXBuildFile; fileRef = B85CD2DE2A6FB72A00FDA9D0 /* GCD_Homework.xcdatamodeld */; };
		B85CD2E22A6FB72C00FDA9D0 /* Assets.xcassets in Resources */ = {isa = PBXBuildFile; fileRef = B85CD2E12A6FB72C00FDA9D0 /* Assets.xcassets */; };
		B85CD2E52A6FB72C00FDA9D0 /* LaunchScreen.storyboard in Resources */ = {isa = PBXBuildFile; fileRef = B85CD2E32A6FB72C00FDA9D0 /* LaunchScreen.storyboard */; };
		B85CD2F22A6FBE5F00FDA9D0 /* UserTableViewCell.swift in Sources */ = {isa = PBXBuildFile; fileRef = B85CD2F02A6FBE5F00FDA9D0 /* UserTableViewCell.swift */; };
		B85CD2F32A6FBE5F00FDA9D0 /* UserTableViewCell.xib in Resources */ = {isa = PBXBuildFile; fileRef = B85CD2F12A6FBE5F00FDA9D0 /* UserTableViewCell.xib */; };
		B85CD2F62A6FC57200FDA9D0 /* User.swift in Sources */ = {isa = PBXBuildFile; fileRef = B85CD2F52A6FC57200FDA9D0 /* User.swift */; };
		B85CD33C2A70F7F200FDA9D0 /* Constant.swift in Sources */ = {isa = PBXBuildFile; fileRef = B85CD33B2A70F7F200FDA9D0 /* Constant.swift */; };
/* End PBXBuildFile section */

/* Begin PBXFileReference section */
		B81754872A7161640091028B /* APIManager.swift */ = {isa = PBXFileReference; lastKnownFileType = sourcecode.swift; path = APIManager.swift; sourceTree = "<group>"; };
		B81754892A7172DF0091028B /* TotalUser.swift */ = {isa = PBXFileReference; lastKnownFileType = sourcecode.swift; path = TotalUser.swift; sourceTree = "<group>"; };
		B85CD2D22A6FB72900FDA9D0 /* GCD Homework.app */ = {isa = PBXFileReference; explicitFileType = wrapper.application; includeInIndex = 0; path = "GCD Homework.app"; sourceTree = BUILT_PRODUCTS_DIR; };
		B85CD2D52A6FB72A00FDA9D0 /* AppDelegate.swift */ = {isa = PBXFileReference; lastKnownFileType = sourcecode.swift; path = AppDelegate.swift; sourceTree = "<group>"; };
		B85CD2D72A6FB72A00FDA9D0 /* SceneDelegate.swift */ = {isa = PBXFileReference; lastKnownFileType = sourcecode.swift; path = SceneDelegate.swift; sourceTree = "<group>"; };
		B85CD2D92A6FB72A00FDA9D0 /* ViewController.swift */ = {isa = PBXFileReference; lastKnownFileType = sourcecode.swift; path = ViewController.swift; sourceTree = "<group>"; };
		B85CD2DC2A6FB72A00FDA9D0 /* Base */ = {isa = PBXFileReference; lastKnownFileType = file.storyboard; name = Base; path = Base.lproj/Main.storyboard; sourceTree = "<group>"; };
		B85CD2DF2A6FB72A00FDA9D0 /* GCD_Homework.xcdatamodel */ = {isa = PBXFileReference; lastKnownFileType = wrapper.xcdatamodel; path = GCD_Homework.xcdatamodel; sourceTree = "<group>"; };
		B85CD2E12A6FB72C00FDA9D0 /* Assets.xcassets */ = {isa = PBXFileReference; lastKnownFileType = folder.assetcatalog; path = Assets.xcassets; sourceTree = "<group>"; };
		B85CD2E42A6FB72C00FDA9D0 /* Base */ = {isa = PBXFileReference; lastKnownFileType = file.storyboard; name = Base; path = Base.lproj/LaunchScreen.storyboard; sourceTree = "<group>"; };
		B85CD2E62A6FB72C00FDA9D0 /* Info.plist */ = {isa = PBXFileReference; lastKnownFileType = text.plist.xml; path = Info.plist; sourceTree = "<group>"; };
		B85CD2F02A6FBE5F00FDA9D0 /* UserTableViewCell.swift */ = {isa = PBXFileReference; lastKnownFileType = sourcecode.swift; path = UserTableViewCell.swift; sourceTree = "<group>"; };
		B85CD2F12A6FBE5F00FDA9D0 /* UserTableViewCell.xib */ = {isa = PBXFileReference; lastKnownFileType = file.xib; path = UserTableViewCell.xib; sourceTree = "<group>"; };
		B85CD2F52A6FC57200FDA9D0 /* User.swift */ = {isa = PBXFileReference; lastKnownFileType = sourcecode.swift; path = User.swift; sourceTree = "<group>"; };
		B85CD33B2A70F7F200FDA9D0 /* Constant.swift */ = {isa = PBXFileReference; lastKnownFileType = sourcecode.swift; path = Constant.swift; sourceTree = "<group>"; };
/* End PBXFileReference section */

/* Begin PBXFrameworksBuildPhase section */
		B85CD2CF2A6FB72900FDA9D0 /* Frameworks */ = {
			isa = PBXFrameworksBuildPhase;
			buildActionMask = 2147483647;
			files = (
			);
			runOnlyForDeploymentPostprocessing = 0;
		};
/* End PBXFrameworksBuildPhase section */

/* Begin PBXGroup section */
		B85CD2C92A6FB72900FDA9D0 = {
			isa = PBXGroup;
			children = (
				B85CD2D42A6FB72900FDA9D0 /* GCD Homework */,
				B85CD2D32A6FB72900FDA9D0 /* Products */,
			);
			sourceTree = "<group>";
		};
		B85CD2D32A6FB72900FDA9D0 /* Products */ = {
			isa = PBXGroup;
			children = (
				B85CD2D22A6FB72900FDA9D0 /* GCD Homework.app */,
			);
			name = Products;
			sourceTree = "<group>";
		};
		B85CD2D42A6FB72900FDA9D0 /* GCD Homework */ = {
			isa = PBXGroup;
			children = (
				B85CD2F42A6FC56400FDA9D0 /* Model */,
				B85CD2EE2A6FBE4500FDA9D0 /* Cell */,
				B85CD2D52A6FB72A00FDA9D0 /* AppDelegate.swift */,
				B85CD2D72A6FB72A00FDA9D0 /* SceneDelegate.swift */,
				B85CD2EC2A6FB73200FDA9D0 /* Controller */,
				B85CD2ED2A6FB73D00FDA9D0 /* View */,
				B85CD2E12A6FB72C00FDA9D0 /* Assets.xcassets */,
				B85CD2E62A6FB72C00FDA9D0 /* Info.plist */,
				B85CD2DE2A6FB72A00FDA9D0 /* GCD_Homework.xcdatamodeld */,
				B85CD33B2A70F7F200FDA9D0 /* Constant.swift */,
			);
			path = "GCD Homework";
			sourceTree = "<group>";
		};
		B85CD2EC2A6FB73200FDA9D0 /* Controller */ = {
			isa = PBXGroup;
			children = (
				B85CD2D92A6FB72A00FDA9D0 /* ViewController.swift */,
				B81754872A7161640091028B /* APIManager.swift */,
			);
			path = Controller;
			sourceTree = "<group>";
		};
		B85CD2ED2A6FB73D00FDA9D0 /* View */ = {
			isa = PBXGroup;
			children = (
				B85CD2E32A6FB72C00FDA9D0 /* LaunchScreen.storyboard */,
				B85CD2DB2A6FB72A00FDA9D0 /* Main.storyboard */,
			);
			path = View;
			sourceTree = "<group>";
		};
		B85CD2EE2A6FBE4500FDA9D0 /* Cell */ = {
			isa = PBXGroup;
			children = (
				B85CD2F02A6FBE5F00FDA9D0 /* UserTableViewCell.swift */,
				B85CD2F12A6FBE5F00FDA9D0 /* UserTableViewCell.xib */,
			);
			path = Cell;
			sourceTree = "<group>";
		};
		B85CD2F42A6FC56400FDA9D0 /* Model */ = {
			isa = PBXGroup;
			children = (
				B85CD2F52A6FC57200FDA9D0 /* User.swift */,
				B81754892A7172DF0091028B /* TotalUser.swift */,
			);
			path = Model;
			sourceTree = "<group>";
		};
/* End PBXGroup section */

/* Begin PBXNativeTarget section */
		B85CD2D12A6FB72900FDA9D0 /* GCD Homework */ = {
			isa = PBXNativeTarget;
			buildConfigurationList = B85CD2E92A6FB72C00FDA9D0 /* Build configuration list for PBXNativeTarget "GCD Homework" */;
			buildPhases = (
				B85CD2CE2A6FB72900FDA9D0 /* Sources */,
				B85CD2CF2A6FB72900FDA9D0 /* Frameworks */,
				B85CD2D02A6FB72900FDA9D0 /* Resources */,
			);
			buildRules = (
			);
			dependencies = (
			);
			name = "GCD Homework";
			productName = "GCD Homework";
			productReference = B85CD2D22A6FB72900FDA9D0 /* GCD Homework.app */;
			productType = "com.apple.product-type.application";
		};
/* End PBXNativeTarget section */

/* Begin PBXProject section */
		B85CD2CA2A6FB72900FDA9D0 /* Project object */ = {
			isa = PBXProject;
			attributes = {
				BuildIndependentTargetsInParallel = 1;
				LastSwiftUpdateCheck = 1430;
				LastUpgradeCheck = 1430;
				TargetAttributes = {
					B85CD2D12A6FB72900FDA9D0 = {
						CreatedOnToolsVersion = 14.3;
					};
				};
			};
			buildConfigurationList = B85CD2CD2A6FB72900FDA9D0 /* Build configuration list for PBXProject "GCD Homework" */;
			compatibilityVersion = "Xcode 14.0";
			developmentRegion = en;
			hasScannedForEncodings = 0;
			knownRegions = (
				en,
				Base,
			);
			mainGroup = B85CD2C92A6FB72900FDA9D0;
			productRefGroup = B85CD2D32A6FB72900FDA9D0 /* Products */;
			projectDirPath = "";
			projectRoot = "";
			targets = (
				B85CD2D12A6FB72900FDA9D0 /* GCD Homework */,
			);
		};
/* End PBXProject section */

/* Begin PBXResourcesBuildPhase section */
		B85CD2D02A6FB72900FDA9D0 /* Resources */ = {
			isa = PBXResourcesBuildPhase;
			buildActionMask = 2147483647;
			files = (
				B85CD2F32A6FBE5F00FDA9D0 /* UserTableViewCell.xib in Resources */,
				B85CD2E52A6FB72C00FDA9D0 /* LaunchScreen.storyboard in Resources */,
				B85CD2E22A6FB72C00FDA9D0 /* Assets.xcassets in Resources */,
				B85CD2DD2A6FB72A00FDA9D0 /* Main.storyboard in Resources */,
			);
			runOnlyForDeploymentPostprocessing = 0;
		};
/* End PBXResourcesBuildPhase section */

/* Begin PBXSourcesBuildPhase section */
		B85CD2CE2A6FB72900FDA9D0 /* Sources */ = {
			isa = PBXSourcesBuildPhase;
			buildActionMask = 2147483647;
			files = (
				B81754882A7161640091028B /* APIManager.swift in Sources */,
				B85CD33C2A70F7F200FDA9D0 /* Constant.swift in Sources */,
				B817548A2A7172DF0091028B /* TotalUser.swift in Sources */,
				B85CD2DA2A6FB72A00FDA9D0 /* ViewController.swift in Sources */,
				B85CD2D62A6FB72A00FDA9D0 /* AppDelegate.swift in Sources */,
				B85CD2F62A6FC57200FDA9D0 /* User.swift in Sources */,
				B85CD2E02A6FB72A00FDA9D0 /* GCD_Homework.xcdatamodeld in Sources */,
				B85CD2D82A6FB72A00FDA9D0 /* SceneDelegate.swift in Sources */,
				B85CD2F22A6FBE5F00FDA9D0 /* UserTableViewCell.swift in Sources */,
			);
			runOnlyForDeploymentPostprocessing = 0;
		};
/* End PBXSourcesBuildPhase section */

/* Begin PBXVariantGroup section */
		B85CD2DB2A6FB72A00FDA9D0 /* Main.storyboard */ = {
			isa = PBXVariantGroup;
			children = (
				B85CD2DC2A6FB72A00FDA9D0 /* Base */,
			);
			name = Main.storyboard;
			sourceTree = "<group>";
		};
		B85CD2E32A6FB72C00FDA9D0 /* LaunchScreen.storyboard */ = {
			isa = PBXVariantGroup;
			children = (
				B85CD2E42A6FB72C00FDA9D0 /* Base */,
			);
			name = LaunchScreen.storyboard;
			sourceTree = "<group>";
		};
/* End PBXVariantGroup section */

/* Begin XCBuildConfiguration section */
		B85CD2E72A6FB72C00FDA9D0 /* Debug */ = {
			isa = XCBuildConfiguration;
			buildSettings = {
				ALWAYS_SEARCH_USER_PATHS = NO;
				CLANG_ANALYZER_NONNULL = YES;
				CLANG_ANALYZER_NUMBER_OBJECT_CONVERSION = YES_AGGRESSIVE;
				CLANG_CXX_LANGUAGE_STANDARD = "gnu++20";
				CLANG_ENABLE_MODULES = YES;
				CLANG_ENABLE_OBJC_ARC = YES;
				CLANG_ENABLE_OBJC_WEAK = YES;
				CLANG_WARN_BLOCK_CAPTURE_AUTORELEASING = YES;
				CLANG_WARN_BOOL_CONVERSION = YES;
				CLANG_WARN_COMMA = YES;
				CLANG_WARN_CONSTANT_CONVERSION = YES;
				CLANG_WARN_DEPRECATED_OBJC_IMPLEMENTATIONS = YES;
				CLANG_WARN_DIRECT_OBJC_ISA_USAGE = YES_ERROR;
				CLANG_WARN_DOCUMENTATION_COMMENTS = YES;
				CLANG_WARN_EMPTY_BODY = YES;
				CLANG_WARN_ENUM_CONVERSION = YES;
				CLANG_WARN_INFINITE_RECURSION = YES;
				CLANG_WARN_INT_CONVERSION = YES;
				CLANG_WARN_NON_LITERAL_NULL_CONVERSION = YES;
				CLANG_WARN_OBJC_IMPLICIT_RETAIN_SELF = YES;
				CLANG_WARN_OBJC_LITERAL_CONVERSION = YES;
				CLANG_WARN_OBJC_ROOT_CLASS = YES_ERROR;
				CLANG_WARN_QUOTED_INCLUDE_IN_FRAMEWORK_HEADER = YES;
				CLANG_WARN_RANGE_LOOP_ANALYSIS = YES;
				CLANG_WARN_STRICT_PROTOTYPES = YES;
				CLANG_WARN_SUSPICIOUS_MOVE = YES;
				CLANG_WARN_UNGUARDED_AVAILABILITY = YES_AGGRESSIVE;
				CLANG_WARN_UNREACHABLE_CODE = YES;
				CLANG_WARN__DUPLICATE_METHOD_MATCH = YES;
				COPY_PHASE_STRIP = NO;
				DEBUG_INFORMATION_FORMAT = dwarf;
				ENABLE_STRICT_OBJC_MSGSEND = YES;
				ENABLE_TESTABILITY = YES;
				GCC_C_LANGUAGE_STANDARD = gnu11;
				GCC_DYNAMIC_NO_PIC = NO;
				GCC_NO_COMMON_BLOCKS = YES;
				GCC_OPTIMIZATION_LEVEL = 0;
				GCC_PREPROCESSOR_DEFINITIONS = (
					"DEBUG=1",
					"$(inherited)",
				);
				GCC_WARN_64_TO_32_BIT_CONVERSION = YES;
				GCC_WARN_ABOUT_RETURN_TYPE = YES_ERROR;
				GCC_WARN_UNDECLARED_SELECTOR = YES;
				GCC_WARN_UNINITIALIZED_AUTOS = YES_AGGRESSIVE;
				GCC_WARN_UNUSED_FUNCTION = YES;
				GCC_WARN_UNUSED_VARIABLE = YES;
				IPHONEOS_DEPLOYMENT_TARGET = 16.4;
				MTL_ENABLE_DEBUG_INFO = INCLUDE_SOURCE;
				MTL_FAST_MATH = YES;
				ONLY_ACTIVE_ARCH = YES;
				SDKROOT = iphoneos;
				SWIFT_ACTIVE_COMPILATION_CONDITIONS = DEBUG;
				SWIFT_OPTIMIZATION_LEVEL = "-Onone";
			};
			name = Debug;
		};
		B85CD2E82A6FB72C00FDA9D0 /* Release */ = {
			isa = XCBuildConfiguration;
			buildSettings = {
				ALWAYS_SEARCH_USER_PATHS = NO;
				CLANG_ANALYZER_NONNULL = YES;
				CLANG_ANALYZER_NUMBER_OBJECT_CONVERSION = YES_AGGRESSIVE;
				CLANG_CXX_LANGUAGE_STANDARD = "gnu++20";
				CLANG_ENABLE_MODULES = YES;
				CLANG_ENABLE_OBJC_ARC = YES;
				CLANG_ENABLE_OBJC_WEAK = YES;
				CLANG_WARN_BLOCK_CAPTURE_AUTORELEASING = YES;
				CLANG_WARN_BOOL_CONVERSION = YES;
				CLANG_WARN_COMMA = YES;
				CLANG_WARN_CONSTANT_CONVERSION = YES;
				CLANG_WARN_DEPRECATED_OBJC_IMPLEMENTATIONS = YES;
				CLANG_WARN_DIRECT_OBJC_ISA_USAGE = YES_ERROR;
				CLANG_WARN_DOCUMENTATION_COMMENTS = YES;
				CLANG_WARN_EMPTY_BODY = YES;
				CLANG_WARN_ENUM_CONVERSION = YES;
				CLANG_WARN_INFINITE_RECURSION = YES;
				CLANG_WARN_INT_CONVERSION = YES;
				CLANG_WARN_NON_LITERAL_NULL_CONVERSION = YES;
				CLANG_WARN_OBJC_IMPLICIT_RETAIN_SELF = YES;
				CLANG_WARN_OBJC_LITERAL_CONVERSION = YES;
				CLANG_WARN_OBJC_ROOT_CLASS = YES_ERROR;
				CLANG_WARN_QUOTED_INCLUDE_IN_FRAMEWORK_HEADER = YES;
				CLANG_WARN_RANGE_LOOP_ANALYSIS = YES;
				CLANG_WARN_STRICT_PROTOTYPES = YES;
				CLANG_WARN_SUSPICIOUS_MOVE = YES;
				CLANG_WARN_UNGUARDED_AVAILABILITY = YES_AGGRESSIVE;
				CLANG_WARN_UNREACHABLE_CODE = YES;
				CLANG_WARN__DUPLICATE_METHOD_MATCH = YES;
				COPY_PHASE_STRIP = NO;
				DEBUG_INFORMATION_FORMAT = "dwarf-with-dsym";
				ENABLE_NS_ASSERTIONS = NO;
				ENABLE_STRICT_OBJC_MSGSEND = YES;
				GCC_C_LANGUAGE_STANDARD = gnu11;
				GCC_NO_COMMON_BLOCKS = YES;
				GCC_WARN_64_TO_32_BIT_CONVERSION = YES;
				GCC_WARN_ABOUT_RETURN_TYPE = YES_ERROR;
				GCC_WARN_UNDECLARED_SELECTOR = YES;
				GCC_WARN_UNINITIALIZED_AUTOS = YES_AGGRESSIVE;
				GCC_WARN_UNUSED_FUNCTION = YES;
				GCC_WARN_UNUSED_VARIABLE = YES;
				IPHONEOS_DEPLOYMENT_TARGET = 16.4;
				MTL_ENABLE_DEBUG_INFO = NO;
				MTL_FAST_MATH = YES;
				SDKROOT = iphoneos;
				SWIFT_COMPILATION_MODE = wholemodule;
				SWIFT_OPTIMIZATION_LEVEL = "-O";
				VALIDATE_PRODUCT = YES;
			};
			name = Release;
		};
		B85CD2EA2A6FB72C00FDA9D0 /* Debug */ = {
			isa = XCBuildConfiguration;
			buildSettings = {
				ASSETCATALOG_COMPILER_APPICON_NAME = AppIcon;
				ASSETCATALOG_COMPILER_GLOBAL_ACCENT_COLOR_NAME = AccentColor;
				CODE_SIGN_STYLE = Automatic;
				CURRENT_PROJECT_VERSION = 1;
				DEVELOPMENT_TEAM = AY5M8ZSZ4H;
				GENERATE_INFOPLIST_FILE = YES;
				INFOPLIST_FILE = "GCD Homework/Info.plist";
				INFOPLIST_KEY_UIApplicationSupportsIndirectInputEvents = YES;
				INFOPLIST_KEY_UILaunchStoryboardName = LaunchScreen;
				INFOPLIST_KEY_UIMainStoryboardFile = Main;
				INFOPLIST_KEY_UISupportedInterfaceOrientations_iPad = "UIInterfaceOrientationPortrait UIInterfaceOrientationPortraitUpsideDown UIInterfaceOrientationLandscapeLeft UIInterfaceOrientationLandscapeRight";
				INFOPLIST_KEY_UISupportedInterfaceOrientations_iPhone = "UIInterfaceOrientationPortrait UIInterfaceOrientationLandscapeLeft UIInterfaceOrientationLandscapeRight";
				LD_RUNPATH_SEARCH_PATHS = (
					"$(inherited)",
					"@executable_path/Frameworks",
				);
				MARKETING_VERSION = 1.0;
				PRODUCT_BUNDLE_IDENTIFIER = "com.khue.GCD-Homework";
				PRODUCT_NAME = "$(TARGET_NAME)";
				SWIFT_EMIT_LOC_STRINGS = YES;
				SWIFT_VERSION = 5.0;
				TARGETED_DEVICE_FAMILY = "1,2";
			};
			name = Debug;
		};
		B85CD2EB2A6FB72C00FDA9D0 /* Release */ = {
			isa = XCBuildConfiguration;
			buildSettings = {
				ASSETCATALOG_COMPILER_APPICON_NAME = AppIcon;
				ASSETCATALOG_COMPILER_GLOBAL_ACCENT_COLOR_NAME = AccentColor;
				CODE_SIGN_STYLE = Automatic;
				CURRENT_PROJECT_VERSION = 1;
				DEVELOPMENT_TEAM = AY5M8ZSZ4H;
				GENERATE_INFOPLIST_FILE = YES;
				INFOPLIST_FILE = "GCD Homework/Info.plist";
				INFOPLIST_KEY_UIApplicationSupportsIndirectInputEvents = YES;
				INFOPLIST_KEY_UILaunchStoryboardName = LaunchScreen;
				INFOPLIST_KEY_UIMainStoryboardFile = Main;
				INFOPLIST_KEY_UISupportedInterfaceOrientations_iPad = "UIInterfaceOrientationPortrait UIInterfaceOrientationPortraitUpsideDown UIInterfaceOrientationLandscapeLeft UIInterfaceOrientationLandscapeRight";
				INFOPLIST_KEY_UISupportedInterfaceOrientations_iPhone = "UIInterfaceOrientationPortrait UIInterfaceOrientationLandscapeLeft UIInterfaceOrientationLandscapeRight";
				LD_RUNPATH_SEARCH_PATHS = (
					"$(inherited)",
					"@executable_path/Frameworks",
				);
				MARKETING_VERSION = 1.0;
				PRODUCT_BUNDLE_IDENTIFIER = "com.khue.GCD-Homework";
				PRODUCT_NAME = "$(TARGET_NAME)";
				SWIFT_EMIT_LOC_STRINGS = YES;
				SWIFT_VERSION = 5.0;
				TARGETED_DEVICE_FAMILY = "1,2";
			};
			name = Release;
		};
/* End XCBuildConfiguration section */

/* Begin XCConfigurationList section */
		B85CD2CD2A6FB72900FDA9D0 /* Build configuration list for PBXProject "GCD Homework" */ = {
			isa = XCConfigurationList;
			buildConfigurations = (
				B85CD2E72A6FB72C00FDA9D0 /* Debug */,
				B85CD2E82A6FB72C00FDA9D0 /* Release */,
			);
			defaultConfigurationIsVisible = 0;
			defaultConfigurationName = Release;
		};
		B85CD2E92A6FB72C00FDA9D0 /* Build configuration list for PBXNativeTarget "GCD Homework" */ = {
			isa = XCConfigurationList;
			buildConfigurations = (
				B85CD2EA2A6FB72C00FDA9D0 /* Debug */,
				B85CD2EB2A6FB72C00FDA9D0 /* Release */,
			);
			defaultConfigurationIsVisible = 0;
			defaultConfigurationName = Release;
		};
/* End XCConfigurationList section */

/* Begin XCVersionGroup section */
		B85CD2DE2A6FB72A00FDA9D0 /* GCD_Homework.xcdatamodeld */ = {
			isa = XCVersionGroup;
			children = (
				B85CD2DF2A6FB72A00FDA9D0 /* GCD_Homework.xcdatamodel */,
			);
			currentVersion = B85CD2DF2A6FB72A00FDA9D0 /* GCD_Homework.xcdatamodel */;
			path = GCD_Homework.xcdatamodeld;
			sourceTree = "<group>";
			versionGroupType = wrapper.xcdatamodel;
		};
/* End XCVersionGroup section */
	};
	rootObject = B85CD2CA2A6FB72900FDA9D0 /* Project object */;
}
